
Microsoft Visual Studio Solution File, Format Version 12.00
# Visual Studio Version 17
VisualStudioVersion = 17.1.32210.238
MinimumVisualStudioVersion = 10.0.40219.1
Project("{8BC9CEB8-8B4A-11D0-8D11-00A0C91BC942}") = "001 BMI", "001 BMI\001 BMI.vcxproj", "{EEE5A721-D97B-4CB0-8E18-DF62B7E67549}"
EndProject
Project("{9A19103F-16F7-4668-BE54-9A1E7A4F7556}") = "002 BMI cs", "002 BMI cs\002 BMI cs.csproj", "{D57EC642-5350-4B75-BB9B-88D48C9540B2}"
EndProject
Project("{FAE04EC0-301F-11D3-BF4B-00C04F79EFBC}") = "003 BMI", "003 BMI\003 BMI.csproj", "{7AC6A8C0-4DC9-47D5-96BE-BA7F86919048}"
EndProject
Project("{FAE04EC0-301F-11D3-BF4B-00C04F79EFBC}") = "004 Hello world", "004 Hello world\004 Hello world.csproj", "{A3C5B750-4273-47F6-AED7-00D69D56532A}"
EndProject
Project("{FAE04EC0-301F-11D3-BF4B-00C04F79EFBC}") = "005 두 개의 폼", "005 두 개의 폼\005 두 개의 폼.csproj", "{A81041D9-1BB0-4DCA-B54D-9417AD436BCB}"
EndProject
Project("{FAE04EC0-301F-11D3-BF4B-00C04F79EFBC}") = "006 메시지박스", "006 메시지박스\006 메시지박스.csproj", "{12DDBD01-893F-44D4-9D20-B155B726FA36}"
EndProject
Project("{FAE04EC0-301F-11D3-BF4B-00C04F79EFBC}") = "007 텍스트박스, 레이블,버튼 컨트롤", "007 텍스트박스, 레이블,버튼 컨트롤\007 텍스트박스, 레이블,버튼 컨트롤.csproj", "{7F29278E-4888-42F3-93FA-461ACD11DCFF}"
EndProject
Project("{FAE04EC0-301F-11D3-BF4B-00C04F79EFBC}") = "008 레이블에 여러 줄의 문자열", "008 레이블에 여러 줄의 문자열\008 레이블에 여러 줄의 문자열.csproj", "{EA3FADDB-CC46-4D3C-A9B3-B8996F4101D8}"
EndProject
Project("{FAE04EC0-301F-11D3-BF4B-00C04F79EFBC}") = "009 flag를 이용한 이벤트 처리", "009 flag를 이용한 이벤트 처리\009 flag를 이용한 이벤트 처리.csproj", "{8BAC0391-AA68-4257-9127-78452950C98B}"
EndProject
Project("{FAE04EC0-301F-11D3-BF4B-00C04F79EFBC}") = "010 체크박스", "010 체크박스\010 체크박스.csproj", "{4C20B71A-E060-421C-A496-FA0B444F212B}"
EndProject
Project("{FAE04EC0-301F-11D3-BF4B-00C04F79EFBC}") = "011 라디오버튼과 그룹박스", "011 라디오버튼과 그룹박스\011 라디오버튼과 그룹박스.csproj", "{9A2B8ADE-2D33-4A9B-AA88-A99E61C9777B}"
EndProject
Project("{FAE04EC0-301F-11D3-BF4B-00C04F79EFBC}") = "012 로그인 창 만들기", "012 로그인 창 만들기\012 로그인 창 만들기.csproj", "{A748C619-AB4D-45B5-9606-700C6352E01E}"
EndProject
Project("{FAE04EC0-301F-11D3-BF4B-00C04F79EFBC}") = "013 성적계산기", "013 성적계산기\013 성적계산기.csproj", "{D648B336-73C0-44F7-9009-FA1EB967F601}"
EndProject
Project("{FAE04EC0-301F-11D3-BF4B-00C04F79EFBC}") = "014 스크롤바", "014 스크롤바\014 스크롤바.csproj", "{232E6641-141D-491A-A50C-242CAC328870}"
EndProject
Project("{FAE04EC0-301F-11D3-BF4B-00C04F79EFBC}") = "015. 리스트박스", "015. 리스트박스\015. 리스트박스.csproj", "{467A5203-540F-4063-B2D4-3BF73FE6C1B6}"
EndProject
Project("{FAE04EC0-301F-11D3-BF4B-00C04F79EFBC}") = "016 콤보박스", "016 콤보박스\016 콤보박스.csproj", "{14B67C35-10E9-4E98-99EA-61612942B6DE}"
EndProject
Project("{FAE04EC0-301F-11D3-BF4B-00C04F79EFBC}") = "017 체크리스트 박스", "017 체크리스트 박스\017 체크리스트 박스.csproj", "{84DC5DD6-1903-47EC-8207-929A80A58B84}"
EndProject
Project("{FAE04EC0-301F-11D3-BF4B-00C04F79EFBC}") = "018 콤보박스를 이용한 학점계산기", "018 콤보박스를 이용한 학점계산기\018 콤보박스를 이용한 학점계산기.csproj", "{E18EFCB6-A046-44D9-A330-12A0014C2FBC}"
EndProject
Project("{FAE04EC0-301F-11D3-BF4B-00C04F79EFBC}") = "019 Timer 컨트롤을 이용한 디지털 시계", "019 Timer 컨트롤을 이용한 디지털 시계\019 Timer 컨트롤을 이용한 디지털 시계.csproj", "{3D7C2DC6-649C-4BDC-B370-6E3FB20F15E2}"
EndProject
Project("{FAE04EC0-301F-11D3-BF4B-00C04F79EFBC}") = "020 DateTimePicker", "020 DateTimePicker\020 DateTimePicker.csproj", "{1935BBE5-3541-4060-B5A8-3DE995E312DF}"
EndProject
Project("{FAE04EC0-301F-11D3-BF4B-00C04F79EFBC}") = "021 windows Media player", "021 windows Media player\021 windows Media player.csproj", "{92483396-CCAC-4B0E-A52D-E44D40C9440B}"
EndProject
Project("{FAE04EC0-301F-11D3-BF4B-00C04F79EFBC}") = "022 리스트뷰", "022 리스트뷰\022 리스트뷰.csproj", "{24EC508E-173F-4450-A9C8-2A2AF2A12E76}"
EndProject
Project("{FAE04EC0-301F-11D3-BF4B-00C04F79EFBC}") = "023 TrackBar와 ProgressBar", "023 TrackBar와 ProgressBar\023 TrackBar와 ProgressBar.csproj", "{F3A779B1-A8E2-47F9-A3E2-D267BCA7D85A}"
EndProject
Project("{FAE04EC0-301F-11D3-BF4B-00C04F79EFBC}") = "024 탭컨트롤", "024 탭컨트롤\024 탭컨트롤.csproj", "{96E8F950-FD25-4383-B81E-D78F935BE8A5}"
EndProject
Project("{FAE04EC0-301F-11D3-BF4B-00C04F79EFBC}") = "025 openFileDialog", "025 windowsMediaPlayer 알람시계\025 openFileDialog.csproj", "{529C18A5-C7DE-4ECB-8327-5307FA9D5310}"
EndProject
Project("{FAE04EC0-301F-11D3-BF4B-00C04F79EFBC}") = "026 메뉴와 대화상자", "026 메뉴와 대화상자\026 메뉴와 대화상자.csproj", "{2A83E3E3-ABD8-43FB-8805-F9AA2C86BD5D}"
EndProject
Global
	GlobalSection(SolutionConfigurationPlatforms) = preSolution
		Debug|Any CPU = Debug|Any CPU
		Debug|x64 = Debug|x64
		Debug|x86 = Debug|x86
		Release|Any CPU = Release|Any CPU
		Release|x64 = Release|x64
		Release|x86 = Release|x86
	EndGlobalSection
	GlobalSection(ProjectConfigurationPlatforms) = postSolution
		{EEE5A721-D97B-4CB0-8E18-DF62B7E67549}.Debug|Any CPU.ActiveCfg = Debug|x64
		{EEE5A721-D97B-4CB0-8E18-DF62B7E67549}.Debug|Any CPU.Build.0 = Debug|x64
		{EEE5A721-D97B-4CB0-8E18-DF62B7E67549}.Debug|x64.ActiveCfg = Debug|x64
		{EEE5A721-D97B-4CB0-8E18-DF62B7E67549}.Debug|x64.Build.0 = Debug|x64
		{EEE5A721-D97B-4CB0-8E18-DF62B7E67549}.Debug|x86.ActiveCfg = Debug|Win32
		{EEE5A721-D97B-4CB0-8E18-DF62B7E67549}.Debug|x86.Build.0 = Debug|Win32
		{EEE5A721-D97B-4CB0-8E18-DF62B7E67549}.Release|Any CPU.ActiveCfg = Release|x64
		{EEE5A721-D97B-4CB0-8E18-DF62B7E67549}.Release|Any CPU.Build.0 = Release|x64
		{EEE5A721-D97B-4CB0-8E18-DF62B7E67549}.Release|x64.ActiveCfg = Release|x64
		{EEE5A721-D97B-4CB0-8E18-DF62B7E67549}.Release|x64.Build.0 = Release|x64
		{EEE5A721-D97B-4CB0-8E18-DF62B7E67549}.Release|x86.ActiveCfg = Release|Win32
		{EEE5A721-D97B-4CB0-8E18-DF62B7E67549}.Release|x86.Build.0 = Release|Win32
		{D57EC642-5350-4B75-BB9B-88D48C9540B2}.Debug|Any CPU.ActiveCfg = Debug|Any CPU
		{D57EC642-5350-4B75-BB9B-88D48C9540B2}.Debug|Any CPU.Build.0 = Debug|Any CPU
		{D57EC642-5350-4B75-BB9B-88D48C9540B2}.Debug|x64.ActiveCfg = Debug|Any CPU
		{D57EC642-5350-4B75-BB9B-88D48C9540B2}.Debug|x64.Build.0 = Debug|Any CPU
		{D57EC642-5350-4B75-BB9B-88D48C9540B2}.Debug|x86.ActiveCfg = Debug|Any CPU
		{D57EC642-5350-4B75-BB9B-88D48C9540B2}.Debug|x86.Build.0 = Debug|Any CPU
		{D57EC642-5350-4B75-BB9B-88D48C9540B2}.Release|Any CPU.ActiveCfg = Release|Any CPU
		{D57EC642-5350-4B75-BB9B-88D48C9540B2}.Release|Any CPU.Build.0 = Release|Any CPU
		{D57EC642-5350-4B75-BB9B-88D48C9540B2}.Release|x64.ActiveCfg = Release|Any CPU
		{D57EC642-5350-4B75-BB9B-88D48C9540B2}.Release|x64.Build.0 = Release|Any CPU
		{D57EC642-5350-4B75-BB9B-88D48C9540B2}.Release|x86.ActiveCfg = Release|Any CPU
		{D57EC642-5350-4B75-BB9B-88D48C9540B2}.Release|x86.Build.0 = Release|Any CPU
		{7AC6A8C0-4DC9-47D5-96BE-BA7F86919048}.Debug|Any CPU.ActiveCfg = Debug|Any CPU
		{7AC6A8C0-4DC9-47D5-96BE-BA7F86919048}.Debug|Any CPU.Build.0 = Debug|Any CPU
		{7AC6A8C0-4DC9-47D5-96BE-BA7F86919048}.Debug|x64.ActiveCfg = Debug|Any CPU
		{7AC6A8C0-4DC9-47D5-96BE-BA7F86919048}.Debug|x64.Build.0 = Debug|Any CPU
		{7AC6A8C0-4DC9-47D5-96BE-BA7F86919048}.Debug|x86.ActiveCfg = Debug|Any CPU
		{7AC6A8C0-4DC9-47D5-96BE-BA7F86919048}.Debug|x86.Build.0 = Debug|Any CPU
		{7AC6A8C0-4DC9-47D5-96BE-BA7F86919048}.Release|Any CPU.ActiveCfg = Release|Any CPU
		{7AC6A8C0-4DC9-47D5-96BE-BA7F86919048}.Release|Any CPU.Build.0 = Release|Any CPU
		{7AC6A8C0-4DC9-47D5-96BE-BA7F86919048}.Release|x64.ActiveCfg = Release|Any CPU
		{7AC6A8C0-4DC9-47D5-96BE-BA7F86919048}.Release|x64.Build.0 = Release|Any CPU
		{7AC6A8C0-4DC9-47D5-96BE-BA7F86919048}.Release|x86.ActiveCfg = Release|Any CPU
		{7AC6A8C0-4DC9-47D5-96BE-BA7F86919048}.Release|x86.Build.0 = Release|Any CPU
		{A3C5B750-4273-47F6-AED7-00D69D56532A}.Debug|Any CPU.ActiveCfg = Debug|Any CPU
		{A3C5B750-4273-47F6-AED7-00D69D56532A}.Debug|Any CPU.Build.0 = Debug|Any CPU
		{A3C5B750-4273-47F6-AED7-00D69D56532A}.Debug|x64.ActiveCfg = Debug|Any CPU
		{A3C5B750-4273-47F6-AED7-00D69D56532A}.Debug|x64.Build.0 = Debug|Any CPU
		{A3C5B750-4273-47F6-AED7-00D69D56532A}.Debug|x86.ActiveCfg = Debug|Any CPU
		{A3C5B750-4273-47F6-AED7-00D69D56532A}.Debug|x86.Build.0 = Debug|Any CPU
		{A3C5B750-4273-47F6-AED7-00D69D56532A}.Release|Any CPU.ActiveCfg = Release|Any CPU
		{A3C5B750-4273-47F6-AED7-00D69D56532A}.Release|Any CPU.Build.0 = Release|Any CPU
		{A3C5B750-4273-47F6-AED7-00D69D56532A}.Release|x64.ActiveCfg = Release|Any CPU
		{A3C5B750-4273-47F6-AED7-00D69D56532A}.Release|x64.Build.0 = Release|Any CPU
		{A3C5B750-4273-47F6-AED7-00D69D56532A}.Release|x86.ActiveCfg = Release|Any CPU
		{A3C5B750-4273-47F6-AED7-00D69D56532A}.Release|x86.Build.0 = Release|Any CPU
		{A81041D9-1BB0-4DCA-B54D-9417AD436BCB}.Debug|Any CPU.ActiveCfg = Debug|Any CPU
		{A81041D9-1BB0-4DCA-B54D-9417AD436BCB}.Debug|Any CPU.Build.0 = Debug|Any CPU
		{A81041D9-1BB0-4DCA-B54D-9417AD436BCB}.Debug|x64.ActiveCfg = Debug|Any CPU
		{A81041D9-1BB0-4DCA-B54D-9417AD436BCB}.Debug|x64.Build.0 = Debug|Any CPU
		{A81041D9-1BB0-4DCA-B54D-9417AD436BCB}.Debug|x86.ActiveCfg = Debug|Any CPU
		{A81041D9-1BB0-4DCA-B54D-9417AD436BCB}.Debug|x86.Build.0 = Debug|Any CPU
		{A81041D9-1BB0-4DCA-B54D-9417AD436BCB}.Release|Any CPU.ActiveCfg = Release|Any CPU
		{A81041D9-1BB0-4DCA-B54D-9417AD436BCB}.Release|Any CPU.Build.0 = Release|Any CPU
		{A81041D9-1BB0-4DCA-B54D-9417AD436BCB}.Release|x64.ActiveCfg = Release|Any CPU
		{A81041D9-1BB0-4DCA-B54D-9417AD436BCB}.Release|x64.Build.0 = Release|Any CPU
		{A81041D9-1BB0-4DCA-B54D-9417AD436BCB}.Release|x86.ActiveCfg = Release|Any CPU
		{A81041D9-1BB0-4DCA-B54D-9417AD436BCB}.Release|x86.Build.0 = Release|Any CPU
		{12DDBD01-893F-44D4-9D20-B155B726FA36}.Debug|Any CPU.ActiveCfg = Debug|Any CPU
		{12DDBD01-893F-44D4-9D20-B155B726FA36}.Debug|Any CPU.Build.0 = Debug|Any CPU
		{12DDBD01-893F-44D4-9D20-B155B726FA36}.Debug|x64.ActiveCfg = Debug|Any CPU
		{12DDBD01-893F-44D4-9D20-B155B726FA36}.Debug|x64.Build.0 = Debug|Any CPU
		{12DDBD01-893F-44D4-9D20-B155B726FA36}.Debug|x86.ActiveCfg = Debug|Any CPU
		{12DDBD01-893F-44D4-9D20-B155B726FA36}.Debug|x86.Build.0 = Debug|Any CPU
		{12DDBD01-893F-44D4-9D20-B155B726FA36}.Release|Any CPU.ActiveCfg = Release|Any CPU
		{12DDBD01-893F-44D4-9D20-B155B726FA36}.Release|Any CPU.Build.0 = Release|Any CPU
		{12DDBD01-893F-44D4-9D20-B155B726FA36}.Release|x64.ActiveCfg = Release|Any CPU
		{12DDBD01-893F-44D4-9D20-B155B726FA36}.Release|x64.Build.0 = Release|Any CPU
		{12DDBD01-893F-44D4-9D20-B155B726FA36}.Release|x86.ActiveCfg = Release|Any CPU
		{12DDBD01-893F-44D4-9D20-B155B726FA36}.Release|x86.Build.0 = Release|Any CPU
		{7F29278E-4888-42F3-93FA-461ACD11DCFF}.Debug|Any CPU.ActiveCfg = Debug|Any CPU
		{7F29278E-4888-42F3-93FA-461ACD11DCFF}.Debug|Any CPU.Build.0 = Debug|Any CPU
		{7F29278E-4888-42F3-93FA-461ACD11DCFF}.Debug|x64.ActiveCfg = Debug|Any CPU
		{7F29278E-4888-42F3-93FA-461ACD11DCFF}.Debug|x64.Build.0 = Debug|Any CPU
		{7F29278E-4888-42F3-93FA-461ACD11DCFF}.Debug|x86.ActiveCfg = Debug|Any CPU
		{7F29278E-4888-42F3-93FA-461ACD11DCFF}.Debug|x86.Build.0 = Debug|Any CPU
		{7F29278E-4888-42F3-93FA-461ACD11DCFF}.Release|Any CPU.ActiveCfg = Release|Any CPU
		{7F29278E-4888-42F3-93FA-461ACD11DCFF}.Release|Any CPU.Build.0 = Release|Any CPU
		{7F29278E-4888-42F3-93FA-461ACD11DCFF}.Release|x64.ActiveCfg = Release|Any CPU
		{7F29278E-4888-42F3-93FA-461ACD11DCFF}.Release|x64.Build.0 = Release|Any CPU
		{7F29278E-4888-42F3-93FA-461ACD11DCFF}.Release|x86.ActiveCfg = Release|Any CPU
		{7F29278E-4888-42F3-93FA-461ACD11DCFF}.Release|x86.Build.0 = Release|Any CPU
		{EA3FADDB-CC46-4D3C-A9B3-B8996F4101D8}.Debug|Any CPU.ActiveCfg = Debug|Any CPU
		{EA3FADDB-CC46-4D3C-A9B3-B8996F4101D8}.Debug|Any CPU.Build.0 = Debug|Any CPU
		{EA3FADDB-CC46-4D3C-A9B3-B8996F4101D8}.Debug|x64.ActiveCfg = Debug|Any CPU
		{EA3FADDB-CC46-4D3C-A9B3-B8996F4101D8}.Debug|x64.Build.0 = Debug|Any CPU
		{EA3FADDB-CC46-4D3C-A9B3-B8996F4101D8}.Debug|x86.ActiveCfg = Debug|Any CPU
		{EA3FADDB-CC46-4D3C-A9B3-B8996F4101D8}.Debug|x86.Build.0 = Debug|Any CPU
		{EA3FADDB-CC46-4D3C-A9B3-B8996F4101D8}.Release|Any CPU.ActiveCfg = Release|Any CPU
		{EA3FADDB-CC46-4D3C-A9B3-B8996F4101D8}.Release|Any CPU.Build.0 = Release|Any CPU
		{EA3FADDB-CC46-4D3C-A9B3-B8996F4101D8}.Release|x64.ActiveCfg = Release|Any CPU
		{EA3FADDB-CC46-4D3C-A9B3-B8996F4101D8}.Release|x64.Build.0 = Release|Any CPU
		{EA3FADDB-CC46-4D3C-A9B3-B8996F4101D8}.Release|x86.ActiveCfg = Release|Any CPU
		{EA3FADDB-CC46-4D3C-A9B3-B8996F4101D8}.Release|x86.Build.0 = Release|Any CPU
		{8BAC0391-AA68-4257-9127-78452950C98B}.Debug|Any CPU.ActiveCfg = Debug|Any CPU
		{8BAC0391-AA68-4257-9127-78452950C98B}.Debug|Any CPU.Build.0 = Debug|Any CPU
		{8BAC0391-AA68-4257-9127-78452950C98B}.Debug|x64.ActiveCfg = Debug|Any CPU
		{8BAC0391-AA68-4257-9127-78452950C98B}.Debug|x64.Build.0 = Debug|Any CPU
		{8BAC0391-AA68-4257-9127-78452950C98B}.Debug|x86.ActiveCfg = Debug|Any CPU
		{8BAC0391-AA68-4257-9127-78452950C98B}.Debug|x86.Build.0 = Debug|Any CPU
		{8BAC0391-AA68-4257-9127-78452950C98B}.Release|Any CPU.ActiveCfg = Release|Any CPU
		{8BAC0391-AA68-4257-9127-78452950C98B}.Release|Any CPU.Build.0 = Release|Any CPU
		{8BAC0391-AA68-4257-9127-78452950C98B}.Release|x64.ActiveCfg = Release|Any CPU
		{8BAC0391-AA68-4257-9127-78452950C98B}.Release|x64.Build.0 = Release|Any CPU
		{8BAC0391-AA68-4257-9127-78452950C98B}.Release|x86.ActiveCfg = Release|Any CPU
		{8BAC0391-AA68-4257-9127-78452950C98B}.Release|x86.Build.0 = Release|Any CPU
		{4C20B71A-E060-421C-A496-FA0B444F212B}.Debug|Any CPU.ActiveCfg = Debug|Any CPU
		{4C20B71A-E060-421C-A496-FA0B444F212B}.Debug|Any CPU.Build.0 = Debug|Any CPU
		{4C20B71A-E060-421C-A496-FA0B444F212B}.Debug|x64.ActiveCfg = Debug|Any CPU
		{4C20B71A-E060-421C-A496-FA0B444F212B}.Debug|x64.Build.0 = Debug|Any CPU
		{4C20B71A-E060-421C-A496-FA0B444F212B}.Debug|x86.ActiveCfg = Debug|Any CPU
		{4C20B71A-E060-421C-A496-FA0B444F212B}.Debug|x86.Build.0 = Debug|Any CPU
		{4C20B71A-E060-421C-A496-FA0B444F212B}.Release|Any CPU.ActiveCfg = Release|Any CPU
		{4C20B71A-E060-421C-A496-FA0B444F212B}.Release|Any CPU.Build.0 = Release|Any CPU
		{4C20B71A-E060-421C-A496-FA0B444F212B}.Release|x64.ActiveCfg = Release|Any CPU
		{4C20B71A-E060-421C-A496-FA0B444F212B}.Release|x64.Build.0 = Release|Any CPU
		{4C20B71A-E060-421C-A496-FA0B444F212B}.Release|x86.ActiveCfg = Release|Any CPU
		{4C20B71A-E060-421C-A496-FA0B444F212B}.Release|x86.Build.0 = Release|Any CPU
		{9A2B8ADE-2D33-4A9B-AA88-A99E61C9777B}.Debug|Any CPU.ActiveCfg = Debug|Any CPU
		{9A2B8ADE-2D33-4A9B-AA88-A99E61C9777B}.Debug|Any CPU.Build.0 = Debug|Any CPU
		{9A2B8ADE-2D33-4A9B-AA88-A99E61C9777B}.Debug|x64.ActiveCfg = Debug|Any CPU
		{9A2B8ADE-2D33-4A9B-AA88-A99E61C9777B}.Debug|x64.Build.0 = Debug|Any CPU
		{9A2B8ADE-2D33-4A9B-AA88-A99E61C9777B}.Debug|x86.ActiveCfg = Debug|Any CPU
		{9A2B8ADE-2D33-4A9B-AA88-A99E61C9777B}.Debug|x86.Build.0 = Debug|Any CPU
		{9A2B8ADE-2D33-4A9B-AA88-A99E61C9777B}.Release|Any CPU.ActiveCfg = Release|Any CPU
		{9A2B8ADE-2D33-4A9B-AA88-A99E61C9777B}.Release|Any CPU.Build.0 = Release|Any CPU
		{9A2B8ADE-2D33-4A9B-AA88-A99E61C9777B}.Release|x64.ActiveCfg = Release|Any CPU
		{9A2B8ADE-2D33-4A9B-AA88-A99E61C9777B}.Release|x64.Build.0 = Release|Any CPU
		{9A2B8ADE-2D33-4A9B-AA88-A99E61C9777B}.Release|x86.ActiveCfg = Release|Any CPU
		{9A2B8ADE-2D33-4A9B-AA88-A99E61C9777B}.Release|x86.Build.0 = Release|Any CPU
		{A748C619-AB4D-45B5-9606-700C6352E01E}.Debug|Any CPU.ActiveCfg = Debug|Any CPU
		{A748C619-AB4D-45B5-9606-700C6352E01E}.Debug|Any CPU.Build.0 = Debug|Any CPU
		{A748C619-AB4D-45B5-9606-700C6352E01E}.Debug|x64.ActiveCfg = Debug|Any CPU
		{A748C619-AB4D-45B5-9606-700C6352E01E}.Debug|x64.Build.0 = Debug|Any CPU
		{A748C619-AB4D-45B5-9606-700C6352E01E}.Debug|x86.ActiveCfg = Debug|Any CPU
		{A748C619-AB4D-45B5-9606-700C6352E01E}.Debug|x86.Build.0 = Debug|Any CPU
		{A748C619-AB4D-45B5-9606-700C6352E01E}.Release|Any CPU.ActiveCfg = Release|Any CPU
		{A748C619-AB4D-45B5-9606-700C6352E01E}.Release|Any CPU.Build.0 = Release|Any CPU
		{A748C619-AB4D-45B5-9606-700C6352E01E}.Release|x64.ActiveCfg = Release|Any CPU
		{A748C619-AB4D-45B5-9606-700C6352E01E}.Release|x64.Build.0 = Release|Any CPU
		{A748C619-AB4D-45B5-9606-700C6352E01E}.Release|x86.ActiveCfg = Release|Any CPU
		{A748C619-AB4D-45B5-9606-700C6352E01E}.Release|x86.Build.0 = Release|Any CPU
		{D648B336-73C0-44F7-9009-FA1EB967F601}.Debug|Any CPU.ActiveCfg = Debug|Any CPU
		{D648B336-73C0-44F7-9009-FA1EB967F601}.Debug|Any CPU.Build.0 = Debug|Any CPU
		{D648B336-73C0-44F7-9009-FA1EB967F601}.Debug|x64.ActiveCfg = Debug|Any CPU
		{D648B336-73C0-44F7-9009-FA1EB967F601}.Debug|x64.Build.0 = Debug|Any CPU
		{D648B336-73C0-44F7-9009-FA1EB967F601}.Debug|x86.ActiveCfg = Debug|Any CPU
		{D648B336-73C0-44F7-9009-FA1EB967F601}.Debug|x86.Build.0 = Debug|Any CPU
		{D648B336-73C0-44F7-9009-FA1EB967F601}.Release|Any CPU.ActiveCfg = Release|Any CPU
		{D648B336-73C0-44F7-9009-FA1EB967F601}.Release|Any CPU.Build.0 = Release|Any CPU
		{D648B336-73C0-44F7-9009-FA1EB967F601}.Release|x64.ActiveCfg = Release|Any CPU
		{D648B336-73C0-44F7-9009-FA1EB967F601}.Release|x64.Build.0 = Release|Any CPU
		{D648B336-73C0-44F7-9009-FA1EB967F601}.Release|x86.ActiveCfg = Release|Any CPU
		{D648B336-73C0-44F7-9009-FA1EB967F601}.Release|x86.Build.0 = Release|Any CPU
		{232E6641-141D-491A-A50C-242CAC328870}.Debug|Any CPU.ActiveCfg = Debug|Any CPU
		{232E6641-141D-491A-A50C-242CAC328870}.Debug|Any CPU.Build.0 = Debug|Any CPU
		{232E6641-141D-491A-A50C-242CAC328870}.Debug|x64.ActiveCfg = Debug|Any CPU
		{232E6641-141D-491A-A50C-242CAC328870}.Debug|x64.Build.0 = Debug|Any CPU
		{232E6641-141D-491A-A50C-242CAC328870}.Debug|x86.ActiveCfg = Debug|Any CPU
		{232E6641-141D-491A-A50C-242CAC328870}.Debug|x86.Build.0 = Debug|Any CPU
		{232E6641-141D-491A-A50C-242CAC328870}.Release|Any CPU.ActiveCfg = Release|Any CPU
		{232E6641-141D-491A-A50C-242CAC328870}.Release|Any CPU.Build.0 = Release|Any CPU
		{232E6641-141D-491A-A50C-242CAC328870}.Release|x64.ActiveCfg = Release|Any CPU
		{232E6641-141D-491A-A50C-242CAC328870}.Release|x64.Build.0 = Release|Any CPU
		{232E6641-141D-491A-A50C-242CAC328870}.Release|x86.ActiveCfg = Release|Any CPU
		{232E6641-141D-491A-A50C-242CAC328870}.Release|x86.Build.0 = Release|Any CPU
		{467A5203-540F-4063-B2D4-3BF73FE6C1B6}.Debug|Any CPU.ActiveCfg = Debug|Any CPU
		{467A5203-540F-4063-B2D4-3BF73FE6C1B6}.Debug|Any CPU.Build.0 = Debug|Any CPU
		{467A5203-540F-4063-B2D4-3BF73FE6C1B6}.Debug|x64.ActiveCfg = Debug|Any CPU
		{467A5203-540F-4063-B2D4-3BF73FE6C1B6}.Debug|x64.Build.0 = Debug|Any CPU
		{467A5203-540F-4063-B2D4-3BF73FE6C1B6}.Debug|x86.ActiveCfg = Debug|Any CPU
		{467A5203-540F-4063-B2D4-3BF73FE6C1B6}.Debug|x86.Build.0 = Debug|Any CPU
		{467A5203-540F-4063-B2D4-3BF73FE6C1B6}.Release|Any CPU.ActiveCfg = Release|Any CPU
		{467A5203-540F-4063-B2D4-3BF73FE6C1B6}.Release|Any CPU.Build.0 = Release|Any CPU
		{467A5203-540F-4063-B2D4-3BF73FE6C1B6}.Release|x64.ActiveCfg = Release|Any CPU
		{467A5203-540F-4063-B2D4-3BF73FE6C1B6}.Release|x64.Build.0 = Release|Any CPU
		{467A5203-540F-4063-B2D4-3BF73FE6C1B6}.Release|x86.ActiveCfg = Release|Any CPU
		{467A5203-540F-4063-B2D4-3BF73FE6C1B6}.Release|x86.Build.0 = Release|Any CPU
		{14B67C35-10E9-4E98-99EA-61612942B6DE}.Debug|Any CPU.ActiveCfg = Debug|Any CPU
		{14B67C35-10E9-4E98-99EA-61612942B6DE}.Debug|Any CPU.Build.0 = Debug|Any CPU
		{14B67C35-10E9-4E98-99EA-61612942B6DE}.Debug|x64.ActiveCfg = Debug|Any CPU
		{14B67C35-10E9-4E98-99EA-61612942B6DE}.Debug|x64.Build.0 = Debug|Any CPU
		{14B67C35-10E9-4E98-99EA-61612942B6DE}.Debug|x86.ActiveCfg = Debug|Any CPU
		{14B67C35-10E9-4E98-99EA-61612942B6DE}.Debug|x86.Build.0 = Debug|Any CPU
		{14B67C35-10E9-4E98-99EA-61612942B6DE}.Release|Any CPU.ActiveCfg = Release|Any CPU
		{14B67C35-10E9-4E98-99EA-61612942B6DE}.Release|Any CPU.Build.0 = Release|Any CPU
		{14B67C35-10E9-4E98-99EA-61612942B6DE}.Release|x64.ActiveCfg = Release|Any CPU
		{14B67C35-10E9-4E98-99EA-61612942B6DE}.Release|x64.Build.0 = Release|Any CPU
		{14B67C35-10E9-4E98-99EA-61612942B6DE}.Release|x86.ActiveCfg = Release|Any CPU
		{14B67C35-10E9-4E98-99EA-61612942B6DE}.Release|x86.Build.0 = Release|Any CPU
		{84DC5DD6-1903-47EC-8207-929A80A58B84}.Debug|Any CPU.ActiveCfg = Debug|Any CPU
		{84DC5DD6-1903-47EC-8207-929A80A58B84}.Debug|Any CPU.Build.0 = Debug|Any CPU
		{84DC5DD6-1903-47EC-8207-929A80A58B84}.Debug|x64.ActiveCfg = Debug|Any CPU
		{84DC5DD6-1903-47EC-8207-929A80A58B84}.Debug|x64.Build.0 = Debug|Any CPU
		{84DC5DD6-1903-47EC-8207-929A80A58B84}.Debug|x86.ActiveCfg = Debug|Any CPU
		{84DC5DD6-1903-47EC-8207-929A80A58B84}.Debug|x86.Build.0 = Debug|Any CPU
		{84DC5DD6-1903-47EC-8207-929A80A58B84}.Release|Any CPU.ActiveCfg = Release|Any CPU
		{84DC5DD6-1903-47EC-8207-929A80A58B84}.Release|Any CPU.Build.0 = Release|Any CPU
		{84DC5DD6-1903-47EC-8207-929A80A58B84}.Release|x64.ActiveCfg = Release|Any CPU
		{84DC5DD6-1903-47EC-8207-929A80A58B84}.Release|x64.Build.0 = Release|Any CPU
		{84DC5DD6-1903-47EC-8207-929A80A58B84}.Release|x86.ActiveCfg = Release|Any CPU
		{84DC5DD6-1903-47EC-8207-929A80A58B84}.Release|x86.Build.0 = Release|Any CPU
		{E18EFCB6-A046-44D9-A330-12A0014C2FBC}.Debug|Any CPU.ActiveCfg = Debug|Any CPU
		{E18EFCB6-A046-44D9-A330-12A0014C2FBC}.Debug|Any CPU.Build.0 = Debug|Any CPU
		{E18EFCB6-A046-44D9-A330-12A0014C2FBC}.Debug|x64.ActiveCfg = Debug|Any CPU
		{E18EFCB6-A046-44D9-A330-12A0014C2FBC}.Debug|x64.Build.0 = Debug|Any CPU
		{E18EFCB6-A046-44D9-A330-12A0014C2FBC}.Debug|x86.ActiveCfg = Debug|Any CPU
		{E18EFCB6-A046-44D9-A330-12A0014C2FBC}.Debug|x86.Build.0 = Debug|Any CPU
		{E18EFCB6-A046-44D9-A330-12A0014C2FBC}.Release|Any CPU.ActiveCfg = Release|Any CPU
		{E18EFCB6-A046-44D9-A330-12A0014C2FBC}.Release|Any CPU.Build.0 = Release|Any CPU
		{E18EFCB6-A046-44D9-A330-12A0014C2FBC}.Release|x64.ActiveCfg = Release|Any CPU
		{E18EFCB6-A046-44D9-A330-12A0014C2FBC}.Release|x64.Build.0 = Release|Any CPU
		{E18EFCB6-A046-44D9-A330-12A0014C2FBC}.Release|x86.ActiveCfg = Release|Any CPU
		{E18EFCB6-A046-44D9-A330-12A0014C2FBC}.Release|x86.Build.0 = Release|Any CPU
		{3D7C2DC6-649C-4BDC-B370-6E3FB20F15E2}.Debug|Any CPU.ActiveCfg = Debug|Any CPU
		{3D7C2DC6-649C-4BDC-B370-6E3FB20F15E2}.Debug|Any CPU.Build.0 = Debug|Any CPU
		{3D7C2DC6-649C-4BDC-B370-6E3FB20F15E2}.Debug|x64.ActiveCfg = Debug|Any CPU
		{3D7C2DC6-649C-4BDC-B370-6E3FB20F15E2}.Debug|x64.Build.0 = Debug|Any CPU
		{3D7C2DC6-649C-4BDC-B370-6E3FB20F15E2}.Debug|x86.ActiveCfg = Debug|Any CPU
		{3D7C2DC6-649C-4BDC-B370-6E3FB20F15E2}.Debug|x86.Build.0 = Debug|Any CPU
		{3D7C2DC6-649C-4BDC-B370-6E3FB20F15E2}.Release|Any CPU.ActiveCfg = Release|Any CPU
		{3D7C2DC6-649C-4BDC-B370-6E3FB20F15E2}.Release|Any CPU.Build.0 = Release|Any CPU
		{3D7C2DC6-649C-4BDC-B370-6E3FB20F15E2}.Release|x64.ActiveCfg = Release|Any CPU
		{3D7C2DC6-649C-4BDC-B370-6E3FB20F15E2}.Release|x64.Build.0 = Release|Any CPU
		{3D7C2DC6-649C-4BDC-B370-6E3FB20F15E2}.Release|x86.ActiveCfg = Release|Any CPU
		{3D7C2DC6-649C-4BDC-B370-6E3FB20F15E2}.Release|x86.Build.0 = Release|Any CPU
		{1935BBE5-3541-4060-B5A8-3DE995E312DF}.Debug|Any CPU.ActiveCfg = Debug|Any CPU
		{1935BBE5-3541-4060-B5A8-3DE995E312DF}.Debug|Any CPU.Build.0 = Debug|Any CPU
		{1935BBE5-3541-4060-B5A8-3DE995E312DF}.Debug|x64.ActiveCfg = Debug|Any CPU
		{1935BBE5-3541-4060-B5A8-3DE995E312DF}.Debug|x64.Build.0 = Debug|Any CPU
		{1935BBE5-3541-4060-B5A8-3DE995E312DF}.Debug|x86.ActiveCfg = Debug|Any CPU
		{1935BBE5-3541-4060-B5A8-3DE995E312DF}.Debug|x86.Build.0 = Debug|Any CPU
		{1935BBE5-3541-4060-B5A8-3DE995E312DF}.Release|Any CPU.ActiveCfg = Release|Any CPU
		{1935BBE5-3541-4060-B5A8-3DE995E312DF}.Release|Any CPU.Build.0 = Release|Any CPU
		{1935BBE5-3541-4060-B5A8-3DE995E312DF}.Release|x64.ActiveCfg = Release|Any CPU
		{1935BBE5-3541-4060-B5A8-3DE995E312DF}.Release|x64.Build.0 = Release|Any CPU
		{1935BBE5-3541-4060-B5A8-3DE995E312DF}.Release|x86.ActiveCfg = Release|Any CPU
		{1935BBE5-3541-4060-B5A8-3DE995E312DF}.Release|x86.Build.0 = Release|Any CPU
		{92483396-CCAC-4B0E-A52D-E44D40C9440B}.Debug|Any CPU.ActiveCfg = Debug|Any CPU
		{92483396-CCAC-4B0E-A52D-E44D40C9440B}.Debug|Any CPU.Build.0 = Debug|Any CPU
		{92483396-CCAC-4B0E-A52D-E44D40C9440B}.Debug|x64.ActiveCfg = Debug|Any CPU
		{92483396-CCAC-4B0E-A52D-E44D40C9440B}.Debug|x64.Build.0 = Debug|Any CPU
		{92483396-CCAC-4B0E-A52D-E44D40C9440B}.Debug|x86.ActiveCfg = Debug|Any CPU
		{92483396-CCAC-4B0E-A52D-E44D40C9440B}.Debug|x86.Build.0 = Debug|Any CPU
		{92483396-CCAC-4B0E-A52D-E44D40C9440B}.Release|Any CPU.ActiveCfg = Release|Any CPU
		{92483396-CCAC-4B0E-A52D-E44D40C9440B}.Release|Any CPU.Build.0 = Release|Any CPU
		{92483396-CCAC-4B0E-A52D-E44D40C9440B}.Release|x64.ActiveCfg = Release|Any CPU
		{92483396-CCAC-4B0E-A52D-E44D40C9440B}.Release|x64.Build.0 = Release|Any CPU
		{92483396-CCAC-4B0E-A52D-E44D40C9440B}.Release|x86.ActiveCfg = Release|Any CPU
		{92483396-CCAC-4B0E-A52D-E44D40C9440B}.Release|x86.Build.0 = Release|Any CPU
		{24EC508E-173F-4450-A9C8-2A2AF2A12E76}.Debug|Any CPU.ActiveCfg = Debug|Any CPU
		{24EC508E-173F-4450-A9C8-2A2AF2A12E76}.Debug|Any CPU.Build.0 = Debug|Any CPU
		{24EC508E-173F-4450-A9C8-2A2AF2A12E76}.Debug|x64.ActiveCfg = Debug|Any CPU
		{24EC508E-173F-4450-A9C8-2A2AF2A12E76}.Debug|x64.Build.0 = Debug|Any CPU
		{24EC508E-173F-4450-A9C8-2A2AF2A12E76}.Debug|x86.ActiveCfg = Debug|Any CPU
		{24EC508E-173F-4450-A9C8-2A2AF2A12E76}.Debug|x86.Build.0 = Debug|Any CPU
		{24EC508E-173F-4450-A9C8-2A2AF2A12E76}.Release|Any CPU.ActiveCfg = Release|Any CPU
		{24EC508E-173F-4450-A9C8-2A2AF2A12E76}.Release|Any CPU.Build.0 = Release|Any CPU
		{24EC508E-173F-4450-A9C8-2A2AF2A12E76}.Release|x64.ActiveCfg = Release|Any CPU
		{24EC508E-173F-4450-A9C8-2A2AF2A12E76}.Release|x64.Build.0 = Release|Any CPU
		{24EC508E-173F-4450-A9C8-2A2AF2A12E76}.Release|x86.ActiveCfg = Release|Any CPU
		{24EC508E-173F-4450-A9C8-2A2AF2A12E76}.Release|x86.Build.0 = Release|Any CPU
		{F3A779B1-A8E2-47F9-A3E2-D267BCA7D85A}.Debug|Any CPU.ActiveCfg = Debug|Any CPU
		{F3A779B1-A8E2-47F9-A3E2-D267BCA7D85A}.Debug|Any CPU.Build.0 = Debug|Any CPU
		{F3A779B1-A8E2-47F9-A3E2-D267BCA7D85A}.Debug|x64.ActiveCfg = Debug|Any CPU
		{F3A779B1-A8E2-47F9-A3E2-D267BCA7D85A}.Debug|x64.Build.0 = Debug|Any CPU
		{F3A779B1-A8E2-47F9-A3E2-D267BCA7D85A}.Debug|x86.ActiveCfg = Debug|Any CPU
		{F3A779B1-A8E2-47F9-A3E2-D267BCA7D85A}.Debug|x86.Build.0 = Debug|Any CPU
		{F3A779B1-A8E2-47F9-A3E2-D267BCA7D85A}.Release|Any CPU.ActiveCfg = Release|Any CPU
		{F3A779B1-A8E2-47F9-A3E2-D267BCA7D85A}.Release|Any CPU.Build.0 = Release|Any CPU
		{F3A779B1-A8E2-47F9-A3E2-D267BCA7D85A}.Release|x64.ActiveCfg = Release|Any CPU
		{F3A779B1-A8E2-47F9-A3E2-D267BCA7D85A}.Release|x64.Build.0 = Release|Any CPU
		{F3A779B1-A8E2-47F9-A3E2-D267BCA7D85A}.Release|x86.ActiveCfg = Release|Any CPU
		{F3A779B1-A8E2-47F9-A3E2-D267BCA7D85A}.Release|x86.Build.0 = Release|Any CPU
		{96E8F950-FD25-4383-B81E-D78F935BE8A5}.Debug|Any CPU.ActiveCfg = Debug|Any CPU
		{96E8F950-FD25-4383-B81E-D78F935BE8A5}.Debug|Any CPU.Build.0 = Debug|Any CPU
		{96E8F950-FD25-4383-B81E-D78F935BE8A5}.Debug|x64.ActiveCfg = Debug|Any CPU
		{96E8F950-FD25-4383-B81E-D78F935BE8A5}.Debug|x64.Build.0 = Debug|Any CPU
		{96E8F950-FD25-4383-B81E-D78F935BE8A5}.Debug|x86.ActiveCfg = Debug|Any CPU
		{96E8F950-FD25-4383-B81E-D78F935BE8A5}.Debug|x86.Build.0 = Debug|Any CPU
		{96E8F950-FD25-4383-B81E-D78F935BE8A5}.Release|Any CPU.ActiveCfg = Release|Any CPU
		{96E8F950-FD25-4383-B81E-D78F935BE8A5}.Release|Any CPU.Build.0 = Release|Any CPU
		{96E8F950-FD25-4383-B81E-D78F935BE8A5}.Release|x64.ActiveCfg = Release|Any CPU
		{96E8F950-FD25-4383-B81E-D78F935BE8A5}.Release|x64.Build.0 = Release|Any CPU
		{96E8F950-FD25-4383-B81E-D78F935BE8A5}.Release|x86.ActiveCfg = Release|Any CPU
		{96E8F950-FD25-4383-B81E-D78F935BE8A5}.Release|x86.Build.0 = Release|Any CPU
		{529C18A5-C7DE-4ECB-8327-5307FA9D5310}.Debug|Any CPU.ActiveCfg = Debug|Any CPU
		{529C18A5-C7DE-4ECB-8327-5307FA9D5310}.Debug|Any CPU.Build.0 = Debug|Any CPU
		{529C18A5-C7DE-4ECB-8327-5307FA9D5310}.Debug|x64.ActiveCfg = Debug|Any CPU
		{529C18A5-C7DE-4ECB-8327-5307FA9D5310}.Debug|x64.Build.0 = Debug|Any CPU
		{529C18A5-C7DE-4ECB-8327-5307FA9D5310}.Debug|x86.ActiveCfg = Debug|Any CPU
		{529C18A5-C7DE-4ECB-8327-5307FA9D5310}.Debug|x86.Build.0 = Debug|Any CPU
		{529C18A5-C7DE-4ECB-8327-5307FA9D5310}.Release|Any CPU.ActiveCfg = Release|Any CPU
		{529C18A5-C7DE-4ECB-8327-5307FA9D5310}.Release|Any CPU.Build.0 = Release|Any CPU
		{529C18A5-C7DE-4ECB-8327-5307FA9D5310}.Release|x64.ActiveCfg = Release|Any CPU
		{529C18A5-C7DE-4ECB-8327-5307FA9D5310}.Release|x64.Build.0 = Release|Any CPU
		{529C18A5-C7DE-4ECB-8327-5307FA9D5310}.Release|x86.ActiveCfg = Release|Any CPU
		{529C18A5-C7DE-4ECB-8327-5307FA9D5310}.Release|x86.Build.0 = Release|Any CPU
		{2A83E3E3-ABD8-43FB-8805-F9AA2C86BD5D}.Debug|Any CPU.ActiveCfg = Debug|Any CPU
		{2A83E3E3-ABD8-43FB-8805-F9AA2C86BD5D}.Debug|Any CPU.Build.0 = Debug|Any CPU
		{2A83E3E3-ABD8-43FB-8805-F9AA2C86BD5D}.Debug|x64.ActiveCfg = Debug|Any CPU
		{2A83E3E3-ABD8-43FB-8805-F9AA2C86BD5D}.Debug|x64.Build.0 = Debug|Any CPU
		{2A83E3E3-ABD8-43FB-8805-F9AA2C86BD5D}.Debug|x86.ActiveCfg = Debug|Any CPU
		{2A83E3E3-ABD8-43FB-8805-F9AA2C86BD5D}.Debug|x86.Build.0 = Debug|Any CPU
		{2A83E3E3-ABD8-43FB-8805-F9AA2C86BD5D}.Release|Any CPU.ActiveCfg = Release|Any CPU
		{2A83E3E3-ABD8-43FB-8805-F9AA2C86BD5D}.Release|Any CPU.Build.0 = Release|Any CPU
		{2A83E3E3-ABD8-43FB-8805-F9AA2C86BD5D}.Release|x64.ActiveCfg = Release|Any CPU
		{2A83E3E3-ABD8-43FB-8805-F9AA2C86BD5D}.Release|x64.Build.0 = Release|Any CPU
		{2A83E3E3-ABD8-43FB-8805-F9AA2C86BD5D}.Release|x86.ActiveCfg = Release|Any CPU
		{2A83E3E3-ABD8-43FB-8805-F9AA2C86BD5D}.Release|x86.Build.0 = Release|Any CPU
	EndGlobalSection
	GlobalSection(SolutionProperties) = preSolution
		HideSolutionNode = FALSE
	EndGlobalSection
	GlobalSection(ExtensibilityGlobals) = postSolution
		SolutionGuid = {7E6ED9A4-D42D-442B-A93C-01BDB1149EEB}
	EndGlobalSection
EndGlobal
